
Microsoft Visual Studio Solution File, Format Version 12.00
# Visual Studio Version 16
VisualStudioVersion = 16.0.31005.135
MinimumVisualStudioVersion = 10.0.40219.1
Project("{FAE04EC0-301F-11D3-BF4B-00C04F79EFBC}") = "ExpenseCalculator", "ExpenseCalculator\ExpenseCalculator.csproj", "{9B4DD110-3532-45EA-99CA-D108E8763DCD}"
EndProject
Global
	GlobalSection(SolutionConfigurationPlatforms) = preSolution
		Debug|Any CPU = Debug|Any CPU
		Release|Any CPU = Release|Any CPU
	EndGlobalSection
	GlobalSection(ProjectConfigurationPlatforms) = postSolution
		{9B4DD110-3532-45EA-99CA-D108E8763DCD}.Debug|Any CPU.ActiveCfg = Debug|Any CPU
		{9B4DD110-3532-45EA-99CA-D108E8763DCD}.Debug|Any CPU.Build.0 = Debug|Any CPU
		{9B4DD110-3532-45EA-99CA-D108E8763DCD}.Release|Any CPU.ActiveCfg = Release|Any CPU
		{9B4DD110-3532-45EA-99CA-D108E8763DCD}.Release|Any CPU.Build.0 = Release|Any CPU
	EndGlobalSection
	GlobalSection(SolutionProperties) = preSolution
		HideSolutionNode = FALSE
	EndGlobalSection
	GlobalSection(ExtensibilityGlobals) = postSolution
		SolutionGuid = {B5A5542B-DE67-4108-B7DD-4A0A5E9501A6}
	EndGlobalSection
EndGlobal
